// !$*UTF8*$!
{
	archiveVersion = 1;
	classes = {
	};
	objectVersion = 50;
	objects = {

/* Begin PBXBuildFile section */
		0A4066BF23DACC890085DEC6 /* WatchKitConnection.swift in Sources */ = {isa = PBXBuildFile; fileRef = 0A4066BE23DACC890085DEC6 /* WatchKitConnection.swift */; };
		0A4066C423DAFE570085DEC6 /* HealthKit.framework in Frameworks */ = {isa = PBXBuildFile; fileRef = 0A4066C323DAFE570085DEC6 /* HealthKit.framework */; };
		0A66964123D8B8B200C40A3F /* Date+Next.swift in Sources */ = {isa = PBXBuildFile; fileRef = 0AD5A8F323D608B000467AB9 /* Date+Next.swift */; };
		0A7FDB0823E0800D000B89B8 /* UUIDGenerator.swift in Sources */ = {isa = PBXBuildFile; fileRef = 0A7FDB0023E0800D000B89B8 /* UUIDGenerator.swift */; };
		0A7FDB0923E0800D000B89B8 /* Network.swift in Sources */ = {isa = PBXBuildFile; fileRef = 0A7FDB0123E0800D000B89B8 /* Network.swift */; };
		0A7FDB0A23E0800D000B89B8 /* Constant.swift in Sources */ = {isa = PBXBuildFile; fileRef = 0A7FDB0223E0800D000B89B8 /* Constant.swift */; };
		0A7FDB0B23E0800D000B89B8 /* NSURLRequest+Certificate.swift in Sources */ = {isa = PBXBuildFile; fileRef = 0A7FDB0323E0800D000B89B8 /* NSURLRequest+Certificate.swift */; };
		0A7FDB0C23E0800D000B89B8 /* NetworkResponse.swift in Sources */ = {isa = PBXBuildFile; fileRef = 0A7FDB0423E0800D000B89B8 /* NetworkResponse.swift */; };
		0A7FDB0D23E0800D000B89B8 /* NetworkError.swift in Sources */ = {isa = PBXBuildFile; fileRef = 0A7FDB0523E0800D000B89B8 /* NetworkError.swift */; };
		0A7FDB0E23E0800D000B89B8 /* AES.swift in Sources */ = {isa = PBXBuildFile; fileRef = 0A7FDB0623E0800D000B89B8 /* AES.swift */; };
		0A7FDB0F23E0800D000B89B8 /* JsonError.swift in Sources */ = {isa = PBXBuildFile; fileRef = 0A7FDB0723E0800D000B89B8 /* JsonError.swift */; };
		0ACA24C523E019B6007102DD /* NetworkResponse.swift in Sources */ = {isa = PBXBuildFile; fileRef = 0ACA24BC23E019B6007102DD /* NetworkResponse.swift */; };
		0ACA24C623E019B6007102DD /* UUIDGenerator.swift in Sources */ = {isa = PBXBuildFile; fileRef = 0ACA24BD23E019B6007102DD /* UUIDGenerator.swift */; };
		0ACA24C723E019B6007102DD /* Constant.swift in Sources */ = {isa = PBXBuildFile; fileRef = 0ACA24BE23E019B6007102DD /* Constant.swift */; };
		0ACA24C823E019B6007102DD /* JsonError.swift in Sources */ = {isa = PBXBuildFile; fileRef = 0ACA24BF23E019B6007102DD /* JsonError.swift */; };
		0ACA24C923E019B6007102DD /* Network.swift in Sources */ = {isa = PBXBuildFile; fileRef = 0ACA24C023E019B6007102DD /* Network.swift */; };
		0ACA24CA23E019B6007102DD /* NetworkError.swift in Sources */ = {isa = PBXBuildFile; fileRef = 0ACA24C123E019B6007102DD /* NetworkError.swift */; };
		0ACA24CB23E019B6007102DD /* NSURLRequest+Certificate.swift in Sources */ = {isa = PBXBuildFile; fileRef = 0ACA24C223E019B6007102DD /* NSURLRequest+Certificate.swift */; };
		0ACA24CC23E019B6007102DD /* WatchKitConnection.swift in Sources */ = {isa = PBXBuildFile; fileRef = 0ACA24C323E019B6007102DD /* WatchKitConnection.swift */; };
		0ACA24CD23E019B6007102DD /* AES.swift in Sources */ = {isa = PBXBuildFile; fileRef = 0ACA24C423E019B6007102DD /* AES.swift */; };
		0AD5A8AF23D607AD00467AB9 /* AppDelegate.swift in Sources */ = {isa = PBXBuildFile; fileRef = 0AD5A8AE23D607AD00467AB9 /* AppDelegate.swift */; };
		0AD5A8B123D607AD00467AB9 /* SceneDelegate.swift in Sources */ = {isa = PBXBuildFile; fileRef = 0AD5A8B023D607AD00467AB9 /* SceneDelegate.swift */; };
		0AD5A8B323D607AD00467AB9 /* ViewController.swift in Sources */ = {isa = PBXBuildFile; fileRef = 0AD5A8B223D607AD00467AB9 /* ViewController.swift */; };
		0AD5A8B623D607AD00467AB9 /* Main.storyboard in Resources */ = {isa = PBXBuildFile; fileRef = 0AD5A8B423D607AD00467AB9 /* Main.storyboard */; };
		0AD5A8B823D607AE00467AB9 /* Assets.xcassets in Resources */ = {isa = PBXBuildFile; fileRef = 0AD5A8B723D607AE00467AB9 /* Assets.xcassets */; };
		0AD5A8BB23D607AE00467AB9 /* LaunchScreen.storyboard in Resources */ = {isa = PBXBuildFile; fileRef = 0AD5A8B923D607AE00467AB9 /* LaunchScreen.storyboard */; };
		0AD5A8C023D607AE00467AB9 /* sleepwatches WatchKit App.app in Embed Watch Content */ = {isa = PBXBuildFile; fileRef = 0AD5A8BF23D607AE00467AB9 /* sleepwatches WatchKit App.app */; settings = {ATTRIBUTES = (RemoveHeadersOnCopy, ); }; };
		0AD5A8C623D607AE00467AB9 /* Interface.storyboard in Resources */ = {isa = PBXBuildFile; fileRef = 0AD5A8C423D607AE00467AB9 /* Interface.storyboard */; };
		0AD5A8C823D607AF00467AB9 /* Assets.xcassets in Resources */ = {isa = PBXBuildFile; fileRef = 0AD5A8C723D607AF00467AB9 /* Assets.xcassets */; };
		0AD5A8CF23D607AF00467AB9 /* sleepwatches WatchKit Extension.appex in Embed App Extensions */ = {isa = PBXBuildFile; fileRef = 0AD5A8CE23D607AF00467AB9 /* sleepwatches WatchKit Extension.appex */; settings = {ATTRIBUTES = (RemoveHeadersOnCopy, ); }; };
		0AD5A8D423D607AF00467AB9 /* InterfaceController.swift in Sources */ = {isa = PBXBuildFile; fileRef = 0AD5A8D323D607AF00467AB9 /* InterfaceController.swift */; };
		0AD5A8D623D607AF00467AB9 /* ExtensionDelegate.swift in Sources */ = {isa = PBXBuildFile; fileRef = 0AD5A8D523D607AF00467AB9 /* ExtensionDelegate.swift */; };
		0AD5A8D823D607AF00467AB9 /* Assets.xcassets in Resources */ = {isa = PBXBuildFile; fileRef = 0AD5A8D723D607AF00467AB9 /* Assets.xcassets */; };
		0AD5A8FA23D608B000467AB9 /* SleepResultController+Sleep.swift in Sources */ = {isa = PBXBuildFile; fileRef = 0AD5A8E723D608B000467AB9 /* SleepResultController+Sleep.swift */; };
		0AD5A8FB23D608B000467AB9 /* SleepRow.swift in Sources */ = {isa = PBXBuildFile; fileRef = 0AD5A8E823D608B000467AB9 /* SleepRow.swift */; };
		0AD5A8FD23D608B000467AB9 /* InterfaceController+Location.swift in Sources */ = {isa = PBXBuildFile; fileRef = 0AD5A8EA23D608B000467AB9 /* InterfaceController+Location.swift */; };
		0AD5A8FE23D608B000467AB9 /* InterfaceController+Motion.swift in Sources */ = {isa = PBXBuildFile; fileRef = 0AD5A8EB23D608B000467AB9 /* InterfaceController+Motion.swift */; };
		0AD5A8FF23D608B000467AB9 /* SleepResultController.swift in Sources */ = {isa = PBXBuildFile; fileRef = 0AD5A8EC23D608B000467AB9 /* SleepResultController.swift */; };
		0AD5A90523D608B000467AB9 /* Date+Next.swift in Sources */ = {isa = PBXBuildFile; fileRef = 0AD5A8F323D608B000467AB9 /* Date+Next.swift */; };
		0AD5A90623D608B000467AB9 /* Double+Round.swift in Sources */ = {isa = PBXBuildFile; fileRef = 0AD5A8F423D608B000467AB9 /* Double+Round.swift */; };
		0AD5A90A23D608B000467AB9 /* SleepTrackController.swift in Sources */ = {isa = PBXBuildFile; fileRef = 0AD5A8F823D608B000467AB9 /* SleepTrackController.swift */; };
		0AD5A90B23D608B000467AB9 /* InterfaceController+Health.swift in Sources */ = {isa = PBXBuildFile; fileRef = 0AD5A8F923D608B000467AB9 /* InterfaceController+Health.swift */; };
		0AD5A90F23D6097200467AB9 /* HealthKit.framework in Frameworks */ = {isa = PBXBuildFile; fileRef = 0AD5A90E23D6097200467AB9 /* HealthKit.framework */; };
/* End PBXBuildFile section */

/* Begin PBXContainerItemProxy section */
		0AD5A8C123D607AE00467AB9 /* PBXContainerItemProxy */ = {
			isa = PBXContainerItemProxy;
			containerPortal = 0AD5A8A323D607AD00467AB9 /* Project object */;
			proxyType = 1;
			remoteGlobalIDString = 0AD5A8BE23D607AE00467AB9;
			remoteInfo = "sleepwatches WatchKit App";
		};
		0AD5A8D023D607AF00467AB9 /* PBXContainerItemProxy */ = {
			isa = PBXContainerItemProxy;
			containerPortal = 0AD5A8A323D607AD00467AB9 /* Project object */;
			proxyType = 1;
			remoteGlobalIDString = 0AD5A8CD23D607AF00467AB9;
			remoteInfo = "sleepwatches WatchKit Extension";
		};
/* End PBXContainerItemProxy section */

/* Begin PBXCopyFilesBuildPhase section */
		0AD5A8DF23D607AF00467AB9 /* Embed App Extensions */ = {
			isa = PBXCopyFilesBuildPhase;
			buildActionMask = 2147483647;
			dstPath = "";
			dstSubfolderSpec = 13;
			files = (
				0AD5A8CF23D607AF00467AB9 /* sleepwatches WatchKit Extension.appex in Embed App Extensions */,
			);
			name = "Embed App Extensions";
			runOnlyForDeploymentPostprocessing = 0;
		};
		0AD5A8E323D607AF00467AB9 /* Embed Watch Content */ = {
			isa = PBXCopyFilesBuildPhase;
			buildActionMask = 2147483647;
			dstPath = "$(CONTENTS_FOLDER_PATH)/Watch";
			dstSubfolderSpec = 16;
			files = (
				0AD5A8C023D607AE00467AB9 /* sleepwatches WatchKit App.app in Embed Watch Content */,
			);
			name = "Embed Watch Content";
			runOnlyForDeploymentPostprocessing = 0;
		};
/* End PBXCopyFilesBuildPhase section */

/* Begin PBXFileReference section */
		0A4066BE23DACC890085DEC6 /* WatchKitConnection.swift */ = {isa = PBXFileReference; fileEncoding = 4; lastKnownFileType = sourcecode.swift; path = WatchKitConnection.swift; sourceTree = "<group>"; };
		0A4066C223DAFE570085DEC6 /* sleepwatches.entitlements */ = {isa = PBXFileReference; lastKnownFileType = text.plist.entitlements; path = sleepwatches.entitlements; sourceTree = "<group>"; };
		0A4066C323DAFE570085DEC6 /* HealthKit.framework */ = {isa = PBXFileReference; lastKnownFileType = wrapper.framework; name = HealthKit.framework; path = System/Library/Frameworks/HealthKit.framework; sourceTree = SDKROOT; };
		0A7FDB0023E0800D000B89B8 /* UUIDGenerator.swift */ = {isa = PBXFileReference; fileEncoding = 4; lastKnownFileType = sourcecode.swift; name = UUIDGenerator.swift; path = sleepwatches/util/UUIDGenerator.swift; sourceTree = SOURCE_ROOT; };
		0A7FDB0123E0800D000B89B8 /* Network.swift */ = {isa = PBXFileReference; fileEncoding = 4; lastKnownFileType = sourcecode.swift; name = Network.swift; path = sleepwatches/util/Network.swift; sourceTree = SOURCE_ROOT; };
		0A7FDB0223E0800D000B89B8 /* Constant.swift */ = {isa = PBXFileReference; fileEncoding = 4; lastKnownFileType = sourcecode.swift; name = Constant.swift; path = sleepwatches/util/Constant.swift; sourceTree = SOURCE_ROOT; };
		0A7FDB0323E0800D000B89B8 /* NSURLRequest+Certificate.swift */ = {isa = PBXFileReference; fileEncoding = 4; lastKnownFileType = sourcecode.swift; name = "NSURLRequest+Certificate.swift"; path = "sleepwatches/util/NSURLRequest+Certificate.swift"; sourceTree = SOURCE_ROOT; };
		0A7FDB0423E0800D000B89B8 /* NetworkResponse.swift */ = {isa = PBXFileReference; fileEncoding = 4; lastKnownFileType = sourcecode.swift; name = NetworkResponse.swift; path = sleepwatches/util/NetworkResponse.swift; sourceTree = SOURCE_ROOT; };
		0A7FDB0523E0800D000B89B8 /* NetworkError.swift */ = {isa = PBXFileReference; fileEncoding = 4; lastKnownFileType = sourcecode.swift; name = NetworkError.swift; path = sleepwatches/util/NetworkError.swift; sourceTree = SOURCE_ROOT; };
		0A7FDB0623E0800D000B89B8 /* AES.swift */ = {isa = PBXFileReference; fileEncoding = 4; lastKnownFileType = sourcecode.swift; name = AES.swift; path = sleepwatches/util/AES.swift; sourceTree = SOURCE_ROOT; };
		0A7FDB0723E0800D000B89B8 /* JsonError.swift */ = {isa = PBXFileReference; fileEncoding = 4; lastKnownFileType = sourcecode.swift; name = JsonError.swift; path = sleepwatches/util/JsonError.swift; sourceTree = SOURCE_ROOT; };
		0A7FDB1023E083F3000B89B8 /* sleepwatches WatchKit App.entitlements */ = {isa = PBXFileReference; lastKnownFileType = text.plist.entitlements; path = "sleepwatches WatchKit App.entitlements"; sourceTree = "<group>"; };
		0ACA24BC23E019B6007102DD /* NetworkResponse.swift */ = {isa = PBXFileReference; fileEncoding = 4; lastKnownFileType = sourcecode.swift; path = NetworkResponse.swift; sourceTree = "<group>"; };
		0ACA24BD23E019B6007102DD /* UUIDGenerator.swift */ = {isa = PBXFileReference; fileEncoding = 4; lastKnownFileType = sourcecode.swift; path = UUIDGenerator.swift; sourceTree = "<group>"; };
		0ACA24BE23E019B6007102DD /* Constant.swift */ = {isa = PBXFileReference; fileEncoding = 4; lastKnownFileType = sourcecode.swift; path = Constant.swift; sourceTree = "<group>"; };
		0ACA24BF23E019B6007102DD /* JsonError.swift */ = {isa = PBXFileReference; fileEncoding = 4; lastKnownFileType = sourcecode.swift; path = JsonError.swift; sourceTree = "<group>"; };
		0ACA24C023E019B6007102DD /* Network.swift */ = {isa = PBXFileReference; fileEncoding = 4; lastKnownFileType = sourcecode.swift; path = Network.swift; sourceTree = "<group>"; };
		0ACA24C123E019B6007102DD /* NetworkError.swift */ = {isa = PBXFileReference; fileEncoding = 4; lastKnownFileType = sourcecode.swift; path = NetworkError.swift; sourceTree = "<group>"; };
		0ACA24C223E019B6007102DD /* NSURLRequest+Certificate.swift */ = {isa = PBXFileReference; fileEncoding = 4; lastKnownFileType = sourcecode.swift; path = "NSURLRequest+Certificate.swift"; sourceTree = "<group>"; };
		0ACA24C323E019B6007102DD /* WatchKitConnection.swift */ = {isa = PBXFileReference; fileEncoding = 4; lastKnownFileType = sourcecode.swift; path = WatchKitConnection.swift; sourceTree = "<group>"; };
		0ACA24C423E019B6007102DD /* AES.swift */ = {isa = PBXFileReference; fileEncoding = 4; lastKnownFileType = sourcecode.swift; path = AES.swift; sourceTree = "<group>"; };
		0AD5A8AB23D607AD00467AB9 /* sleepwatches.app */ = {isa = PBXFileReference; explicitFileType = wrapper.application; includeInIndex = 0; path = sleepwatches.app; sourceTree = BUILT_PRODUCTS_DIR; };
		0AD5A8AE23D607AD00467AB9 /* AppDelegate.swift */ = {isa = PBXFileReference; lastKnownFileType = sourcecode.swift; path = AppDelegate.swift; sourceTree = "<group>"; };
		0AD5A8B023D607AD00467AB9 /* SceneDelegate.swift */ = {isa = PBXFileReference; lastKnownFileType = sourcecode.swift; path = SceneDelegate.swift; sourceTree = "<group>"; };
		0AD5A8B223D607AD00467AB9 /* ViewController.swift */ = {isa = PBXFileReference; lastKnownFileType = sourcecode.swift; path = ViewController.swift; sourceTree = "<group>"; };
		0AD5A8B523D607AD00467AB9 /* Base */ = {isa = PBXFileReference; lastKnownFileType = file.storyboard; name = Base; path = Base.lproj/Main.storyboard; sourceTree = "<group>"; };
		0AD5A8B723D607AE00467AB9 /* Assets.xcassets */ = {isa = PBXFileReference; lastKnownFileType = folder.assetcatalog; path = Assets.xcassets; sourceTree = "<group>"; };
		0AD5A8BA23D607AE00467AB9 /* Base */ = {isa = PBXFileReference; lastKnownFileType = file.storyboard; name = Base; path = Base.lproj/LaunchScreen.storyboard; sourceTree = "<group>"; };
		0AD5A8BC23D607AE00467AB9 /* Info.plist */ = {isa = PBXFileReference; lastKnownFileType = text.plist.xml; path = Info.plist; sourceTree = "<group>"; };
		0AD5A8BF23D607AE00467AB9 /* sleepwatches WatchKit App.app */ = {isa = PBXFileReference; explicitFileType = wrapper.application; includeInIndex = 0; path = "sleepwatches WatchKit App.app"; sourceTree = BUILT_PRODUCTS_DIR; };
		0AD5A8C523D607AE00467AB9 /* Base */ = {isa = PBXFileReference; lastKnownFileType = file.storyboard; name = Base; path = Base.lproj/Interface.storyboard; sourceTree = "<group>"; };
		0AD5A8C723D607AF00467AB9 /* Assets.xcassets */ = {isa = PBXFileReference; lastKnownFileType = folder.assetcatalog; path = Assets.xcassets; sourceTree = "<group>"; };
		0AD5A8C923D607AF00467AB9 /* Info.plist */ = {isa = PBXFileReference; lastKnownFileType = text.plist.xml; path = Info.plist; sourceTree = "<group>"; };
		0AD5A8CE23D607AF00467AB9 /* sleepwatches WatchKit Extension.appex */ = {isa = PBXFileReference; explicitFileType = "wrapper.app-extension"; includeInIndex = 0; path = "sleepwatches WatchKit Extension.appex"; sourceTree = BUILT_PRODUCTS_DIR; };
		0AD5A8D323D607AF00467AB9 /* InterfaceController.swift */ = {isa = PBXFileReference; lastKnownFileType = sourcecode.swift; path = InterfaceController.swift; sourceTree = "<group>"; };
		0AD5A8D523D607AF00467AB9 /* ExtensionDelegate.swift */ = {isa = PBXFileReference; lastKnownFileType = sourcecode.swift; path = ExtensionDelegate.swift; sourceTree = "<group>"; };
		0AD5A8D723D607AF00467AB9 /* Assets.xcassets */ = {isa = PBXFileReference; lastKnownFileType = folder.assetcatalog; path = Assets.xcassets; sourceTree = "<group>"; };
		0AD5A8D923D607AF00467AB9 /* Info.plist */ = {isa = PBXFileReference; lastKnownFileType = text.plist.xml; path = Info.plist; sourceTree = "<group>"; };
		0AD5A8E723D608B000467AB9 /* SleepResultController+Sleep.swift */ = {isa = PBXFileReference; fileEncoding = 4; lastKnownFileType = sourcecode.swift; path = "SleepResultController+Sleep.swift"; sourceTree = "<group>"; };
		0AD5A8E823D608B000467AB9 /* SleepRow.swift */ = {isa = PBXFileReference; fileEncoding = 4; lastKnownFileType = sourcecode.swift; path = SleepRow.swift; sourceTree = "<group>"; };
		0AD5A8EA23D608B000467AB9 /* InterfaceController+Location.swift */ = {isa = PBXFileReference; fileEncoding = 4; lastKnownFileType = sourcecode.swift; path = "InterfaceController+Location.swift"; sourceTree = "<group>"; };
		0AD5A8EB23D608B000467AB9 /* InterfaceController+Motion.swift */ = {isa = PBXFileReference; fileEncoding = 4; lastKnownFileType = sourcecode.swift; path = "InterfaceController+Motion.swift"; sourceTree = "<group>"; };
		0AD5A8EC23D608B000467AB9 /* SleepResultController.swift */ = {isa = PBXFileReference; fileEncoding = 4; lastKnownFileType = sourcecode.swift; path = SleepResultController.swift; sourceTree = "<group>"; };
		0AD5A8F323D608B000467AB9 /* Date+Next.swift */ = {isa = PBXFileReference; fileEncoding = 4; lastKnownFileType = sourcecode.swift; path = "Date+Next.swift"; sourceTree = "<group>"; };
		0AD5A8F423D608B000467AB9 /* Double+Round.swift */ = {isa = PBXFileReference; fileEncoding = 4; lastKnownFileType = sourcecode.swift; path = "Double+Round.swift"; sourceTree = "<group>"; };
		0AD5A8F823D608B000467AB9 /* SleepTrackController.swift */ = {isa = PBXFileReference; fileEncoding = 4; lastKnownFileType = sourcecode.swift; path = SleepTrackController.swift; sourceTree = "<group>"; };
		0AD5A8F923D608B000467AB9 /* InterfaceController+Health.swift */ = {isa = PBXFileReference; fileEncoding = 4; lastKnownFileType = sourcecode.swift; path = "InterfaceController+Health.swift"; sourceTree = "<group>"; };
		0AD5A90C23D6097200467AB9 /* sleepwatches WatchKit Extension.entitlements */ = {isa = PBXFileReference; lastKnownFileType = text.plist.entitlements; path = "sleepwatches WatchKit Extension.entitlements"; sourceTree = "<group>"; };
		0AD5A90E23D6097200467AB9 /* HealthKit.framework */ = {isa = PBXFileReference; lastKnownFileType = wrapper.framework; name = HealthKit.framework; path = Platforms/WatchOS.platform/Developer/SDKs/WatchOS6.1.sdk/System/Library/Frameworks/HealthKit.framework; sourceTree = DEVELOPER_DIR; };
/* End PBXFileReference section */

/* Begin PBXFrameworksBuildPhase section */
		0AD5A8A823D607AD00467AB9 /* Frameworks */ = {
			isa = PBXFrameworksBuildPhase;
			buildActionMask = 2147483647;
			files = (
				0A4066C423DAFE570085DEC6 /* HealthKit.framework in Frameworks */,
			);
			runOnlyForDeploymentPostprocessing = 0;
		};
		0AD5A8CB23D607AF00467AB9 /* Frameworks */ = {
			isa = PBXFrameworksBuildPhase;
			buildActionMask = 2147483647;
			files = (
				0AD5A90F23D6097200467AB9 /* HealthKit.framework in Frameworks */,
			);
			runOnlyForDeploymentPostprocessing = 0;
		};
/* End PBXFrameworksBuildPhase section */

/* Begin PBXGroup section */
		0ACA24BB23E01986007102DD /* util */ = {
			isa = PBXGroup;
			children = (
				0ACA24C423E019B6007102DD /* AES.swift */,
				0ACA24BE23E019B6007102DD /* Constant.swift */,
				0ACA24BF23E019B6007102DD /* JsonError.swift */,
				0ACA24C023E019B6007102DD /* Network.swift */,
				0ACA24C123E019B6007102DD /* NetworkError.swift */,
				0ACA24BC23E019B6007102DD /* NetworkResponse.swift */,
				0ACA24C223E019B6007102DD /* NSURLRequest+Certificate.swift */,
				0ACA24BD23E019B6007102DD /* UUIDGenerator.swift */,
				0ACA24C323E019B6007102DD /* WatchKitConnection.swift */,
			);
			path = util;
			sourceTree = "<group>";
		};
		0AD5A8A223D607AD00467AB9 = {
			isa = PBXGroup;
			children = (
				0AD5A8AD23D607AD00467AB9 /* sleepwatches */,
				0AD5A8C323D607AE00467AB9 /* sleepwatches WatchKit App */,
				0AD5A8D223D607AF00467AB9 /* sleepwatches WatchKit Extension */,
				0AD5A8AC23D607AD00467AB9 /* Products */,
				0AD5A90D23D6097200467AB9 /* Frameworks */,
			);
			sourceTree = "<group>";
		};
		0AD5A8AC23D607AD00467AB9 /* Products */ = {
			isa = PBXGroup;
			children = (
				0AD5A8AB23D607AD00467AB9 /* sleepwatches.app */,
				0AD5A8BF23D607AE00467AB9 /* sleepwatches WatchKit App.app */,
				0AD5A8CE23D607AF00467AB9 /* sleepwatches WatchKit Extension.appex */,
			);
			name = Products;
			sourceTree = "<group>";
		};
		0AD5A8AD23D607AD00467AB9 /* sleepwatches */ = {
			isa = PBXGroup;
			children = (
				0ACA24BB23E01986007102DD /* util */,
				0A4066C223DAFE570085DEC6 /* sleepwatches.entitlements */,
				0AD5A8AE23D607AD00467AB9 /* AppDelegate.swift */,
				0AD5A8B023D607AD00467AB9 /* SceneDelegate.swift */,
				0AD5A8B223D607AD00467AB9 /* ViewController.swift */,
				0AD5A8B423D607AD00467AB9 /* Main.storyboard */,
				0AD5A8B723D607AE00467AB9 /* Assets.xcassets */,
				0AD5A8B923D607AE00467AB9 /* LaunchScreen.storyboard */,
				0AD5A8BC23D607AE00467AB9 /* Info.plist */,
			);
			path = sleepwatches;
			sourceTree = "<group>";
		};
		0AD5A8C323D607AE00467AB9 /* sleepwatches WatchKit App */ = {
			isa = PBXGroup;
			children = (
				0A7FDB1023E083F3000B89B8 /* sleepwatches WatchKit App.entitlements */,
				0AD5A8C423D607AE00467AB9 /* Interface.storyboard */,
				0AD5A8C723D607AF00467AB9 /* Assets.xcassets */,
				0AD5A8C923D607AF00467AB9 /* Info.plist */,
			);
			path = "sleepwatches WatchKit App";
			sourceTree = "<group>";
		};
		0AD5A8D223D607AF00467AB9 /* sleepwatches WatchKit Extension */ = {
			isa = PBXGroup;
			children = (
				0AD5A90C23D6097200467AB9 /* sleepwatches WatchKit Extension.entitlements */,
				0AD5A8ED23D608B000467AB9 /* util */,
				0AD5A8D323D607AF00467AB9 /* InterfaceController.swift */,
				0AD5A8F923D608B000467AB9 /* InterfaceController+Health.swift */,
				0AD5A8EA23D608B000467AB9 /* InterfaceController+Location.swift */,
				0AD5A8EB23D608B000467AB9 /* InterfaceController+Motion.swift */,
				0AD5A8F823D608B000467AB9 /* SleepTrackController.swift */,
				0AD5A8EC23D608B000467AB9 /* SleepResultController.swift */,
				0AD5A8E723D608B000467AB9 /* SleepResultController+Sleep.swift */,
				0AD5A8E823D608B000467AB9 /* SleepRow.swift */,
				0AD5A8D523D607AF00467AB9 /* ExtensionDelegate.swift */,
				0AD5A8D723D607AF00467AB9 /* Assets.xcassets */,
				0AD5A8D923D607AF00467AB9 /* Info.plist */,
			);
			path = "sleepwatches WatchKit Extension";
			sourceTree = "<group>";
		};
		0AD5A8ED23D608B000467AB9 /* util */ = {
			isa = PBXGroup;
			children = (
				0A4066BE23DACC890085DEC6 /* WatchKitConnection.swift */,
				0AD5A8F323D608B000467AB9 /* Date+Next.swift */,
				0AD5A8F423D608B000467AB9 /* Double+Round.swift */,
				0A7FDB0623E0800D000B89B8 /* AES.swift */,
				0A7FDB0223E0800D000B89B8 /* Constant.swift */,
				0A7FDB0723E0800D000B89B8 /* JsonError.swift */,
				0A7FDB0123E0800D000B89B8 /* Network.swift */,
				0A7FDB0523E0800D000B89B8 /* NetworkError.swift */,
				0A7FDB0423E0800D000B89B8 /* NetworkResponse.swift */,
				0A7FDB0323E0800D000B89B8 /* NSURLRequest+Certificate.swift */,
				0A7FDB0023E0800D000B89B8 /* UUIDGenerator.swift */,
			);
			path = util;
			sourceTree = "<group>";
		};
		0AD5A90D23D6097200467AB9 /* Frameworks */ = {
			isa = PBXGroup;
			children = (
				0A4066C323DAFE570085DEC6 /* HealthKit.framework */,
				0AD5A90E23D6097200467AB9 /* HealthKit.framework */,
			);
			name = Frameworks;
			sourceTree = "<group>";
		};
/* End PBXGroup section */

/* Begin PBXNativeTarget section */
		0AD5A8AA23D607AD00467AB9 /* sleepwatches */ = {
			isa = PBXNativeTarget;
			buildConfigurationList = 0AD5A8E423D607AF00467AB9 /* Build configuration list for PBXNativeTarget "sleepwatches" */;
			buildPhases = (
				0AD5A8A723D607AD00467AB9 /* Sources */,
				0AD5A8A823D607AD00467AB9 /* Frameworks */,
				0AD5A8A923D607AD00467AB9 /* Resources */,
				0AD5A8E323D607AF00467AB9 /* Embed Watch Content */,
			);
			buildRules = (
			);
			dependencies = (
				0AD5A8C223D607AE00467AB9 /* PBXTargetDependency */,
			);
			name = sleepwatches;
			productName = sleepwatches;
			productReference = 0AD5A8AB23D607AD00467AB9 /* sleepwatches.app */;
			productType = "com.apple.product-type.application";
		};
		0AD5A8BE23D607AE00467AB9 /* sleepwatches WatchKit App */ = {
			isa = PBXNativeTarget;
			buildConfigurationList = 0AD5A8E023D607AF00467AB9 /* Build configuration list for PBXNativeTarget "sleepwatches WatchKit App" */;
			buildPhases = (
				0AD5A8BD23D607AE00467AB9 /* Resources */,
				0AD5A8DF23D607AF00467AB9 /* Embed App Extensions */,
			);
			buildRules = (
			);
			dependencies = (
				0AD5A8D123D607AF00467AB9 /* PBXTargetDependency */,
			);
			name = "sleepwatches WatchKit App";
			productName = "sleepwatches WatchKit App";
			productReference = 0AD5A8BF23D607AE00467AB9 /* sleepwatches WatchKit App.app */;
			productType = "com.apple.product-type.application.watchapp2";
		};
		0AD5A8CD23D607AF00467AB9 /* sleepwatches WatchKit Extension */ = {
			isa = PBXNativeTarget;
			buildConfigurationList = 0AD5A8DC23D607AF00467AB9 /* Build configuration list for PBXNativeTarget "sleepwatches WatchKit Extension" */;
			buildPhases = (
				0AD5A8CA23D607AF00467AB9 /* Sources */,
				0AD5A8CB23D607AF00467AB9 /* Frameworks */,
				0AD5A8CC23D607AF00467AB9 /* Resources */,
			);
			buildRules = (
			);
			dependencies = (
			);
			name = "sleepwatches WatchKit Extension";
			productName = "sleepwatches WatchKit Extension";
			productReference = 0AD5A8CE23D607AF00467AB9 /* sleepwatches WatchKit Extension.appex */;
			productType = "com.apple.product-type.watchkit2-extension";
		};
/* End PBXNativeTarget section */

/* Begin PBXProject section */
		0AD5A8A323D607AD00467AB9 /* Project object */ = {
			isa = PBXProject;
			attributes = {
				LastSwiftUpdateCheck = 1130;
				LastUpgradeCheck = 1130;
				ORGANIZATIONNAME = "pongsil vachirajongkol";
				TargetAttributes = {
					0AD5A8AA23D607AD00467AB9 = {
						CreatedOnToolsVersion = 11.3.1;
					};
					0AD5A8BE23D607AE00467AB9 = {
						CreatedOnToolsVersion = 11.3.1;
					};
					0AD5A8CD23D607AF00467AB9 = {
						CreatedOnToolsVersion = 11.3.1;
					};
				};
			};
			buildConfigurationList = 0AD5A8A623D607AD00467AB9 /* Build configuration list for PBXProject "sleepwatches" */;
			compatibilityVersion = "Xcode 9.3";
			developmentRegion = en;
			hasScannedForEncodings = 0;
			knownRegions = (
				en,
				Base,
			);
			mainGroup = 0AD5A8A223D607AD00467AB9;
			productRefGroup = 0AD5A8AC23D607AD00467AB9 /* Products */;
			projectDirPath = "";
			projectRoot = "";
			targets = (
				0AD5A8AA23D607AD00467AB9 /* sleepwatches */,
				0AD5A8BE23D607AE00467AB9 /* sleepwatches WatchKit App */,
				0AD5A8CD23D607AF00467AB9 /* sleepwatches WatchKit Extension */,
			);
		};
/* End PBXProject section */

/* Begin PBXResourcesBuildPhase section */
		0AD5A8A923D607AD00467AB9 /* Resources */ = {
			isa = PBXResourcesBuildPhase;
			buildActionMask = 2147483647;
			files = (
				0AD5A8BB23D607AE00467AB9 /* LaunchScreen.storyboard in Resources */,
				0AD5A8B823D607AE00467AB9 /* Assets.xcassets in Resources */,
				0AD5A8B623D607AD00467AB9 /* Main.storyboard in Resources */,
			);
			runOnlyForDeploymentPostprocessing = 0;
		};
		0AD5A8BD23D607AE00467AB9 /* Resources */ = {
			isa = PBXResourcesBuildPhase;
			buildActionMask = 2147483647;
			files = (
				0AD5A8C823D607AF00467AB9 /* Assets.xcassets in Resources */,
				0AD5A8C623D607AE00467AB9 /* Interface.storyboard in Resources */,
			);
			runOnlyForDeploymentPostprocessing = 0;
		};
		0AD5A8CC23D607AF00467AB9 /* Resources */ = {
			isa = PBXResourcesBuildPhase;
			buildActionMask = 2147483647;
			files = (
				0AD5A8D823D607AF00467AB9 /* Assets.xcassets in Resources */,
			);
			runOnlyForDeploymentPostprocessing = 0;
		};
/* End PBXResourcesBuildPhase section */

/* Begin PBXSourcesBuildPhase section */
		0AD5A8A723D607AD00467AB9 /* Sources */ = {
			isa = PBXSourcesBuildPhase;
			buildActionMask = 2147483647;
			files = (
				0ACA24CB23E019B6007102DD /* NSURLRequest+Certificate.swift in Sources */,
				0ACA24C723E019B6007102DD /* Constant.swift in Sources */,
				0AD5A8B323D607AD00467AB9 /* ViewController.swift in Sources */,
				0ACA24C523E019B6007102DD /* NetworkResponse.swift in Sources */,
				0AD5A8AF23D607AD00467AB9 /* AppDelegate.swift in Sources */,
				0A66964123D8B8B200C40A3F /* Date+Next.swift in Sources */,
				0ACA24C923E019B6007102DD /* Network.swift in Sources */,
				0ACA24C623E019B6007102DD /* UUIDGenerator.swift in Sources */,
				0ACA24C823E019B6007102DD /* JsonError.swift in Sources */,
				0AD5A8B123D607AD00467AB9 /* SceneDelegate.swift in Sources */,
				0ACA24CC23E019B6007102DD /* WatchKitConnection.swift in Sources */,
				0ACA24CA23E019B6007102DD /* NetworkError.swift in Sources */,
				0ACA24CD23E019B6007102DD /* AES.swift in Sources */,
			);
			runOnlyForDeploymentPostprocessing = 0;
		};
		0AD5A8CA23D607AF00467AB9 /* Sources */ = {
			isa = PBXSourcesBuildPhase;
			buildActionMask = 2147483647;
			files = (
				0AD5A90623D608B000467AB9 /* Double+Round.swift in Sources */,
				0A7FDB0E23E0800D000B89B8 /* AES.swift in Sources */,
				0AD5A8D623D607AF00467AB9 /* ExtensionDelegate.swift in Sources */,
				0A7FDB0A23E0800D000B89B8 /* Constant.swift in Sources */,
				0AD5A8FF23D608B000467AB9 /* SleepResultController.swift in Sources */,
				0A7FDB0B23E0800D000B89B8 /* NSURLRequest+Certificate.swift in Sources */,
				0AD5A8FA23D608B000467AB9 /* SleepResultController+Sleep.swift in Sources */,
				0AD5A8FE23D608B000467AB9 /* InterfaceController+Motion.swift in Sources */,
				0AD5A8FB23D608B000467AB9 /* SleepRow.swift in Sources */,
				0AD5A8FD23D608B000467AB9 /* InterfaceController+Location.swift in Sources */,
				0A7FDB0F23E0800D000B89B8 /* JsonError.swift in Sources */,
				0A4066BF23DACC890085DEC6 /* WatchKitConnection.swift in Sources */,
				0AD5A90A23D608B000467AB9 /* SleepTrackController.swift in Sources */,
				0AD5A90523D608B000467AB9 /* Date+Next.swift in Sources */,
				0A7FDB0C23E0800D000B89B8 /* NetworkResponse.swift in Sources */,
				0AD5A90B23D608B000467AB9 /* InterfaceController+Health.swift in Sources */,
				0AD5A8D423D607AF00467AB9 /* InterfaceController.swift in Sources */,
				0A7FDB0D23E0800D000B89B8 /* NetworkError.swift in Sources */,
				0A7FDB0923E0800D000B89B8 /* Network.swift in Sources */,
				0A7FDB0823E0800D000B89B8 /* UUIDGenerator.swift in Sources */,
			);
			runOnlyForDeploymentPostprocessing = 0;
		};
/* End PBXSourcesBuildPhase section */

/* Begin PBXTargetDependency section */
		0AD5A8C223D607AE00467AB9 /* PBXTargetDependency */ = {
			isa = PBXTargetDependency;
			target = 0AD5A8BE23D607AE00467AB9 /* sleepwatches WatchKit App */;
			targetProxy = 0AD5A8C123D607AE00467AB9 /* PBXContainerItemProxy */;
		};
		0AD5A8D123D607AF00467AB9 /* PBXTargetDependency */ = {
			isa = PBXTargetDependency;
			target = 0AD5A8CD23D607AF00467AB9 /* sleepwatches WatchKit Extension */;
			targetProxy = 0AD5A8D023D607AF00467AB9 /* PBXContainerItemProxy */;
		};
/* End PBXTargetDependency section */

/* Begin PBXVariantGroup section */
		0AD5A8B423D607AD00467AB9 /* Main.storyboard */ = {
			isa = PBXVariantGroup;
			children = (
				0AD5A8B523D607AD00467AB9 /* Base */,
			);
			name = Main.storyboard;
			sourceTree = "<group>";
		};
		0AD5A8B923D607AE00467AB9 /* LaunchScreen.storyboard */ = {
			isa = PBXVariantGroup;
			children = (
				0AD5A8BA23D607AE00467AB9 /* Base */,
			);
			name = LaunchScreen.storyboard;
			sourceTree = "<group>";
		};
		0AD5A8C423D607AE00467AB9 /* Interface.storyboard */ = {
			isa = PBXVariantGroup;
			children = (
				0AD5A8C523D607AE00467AB9 /* Base */,
			);
			name = Interface.storyboard;
			sourceTree = "<group>";
		};
/* End PBXVariantGroup section */

/* Begin XCBuildConfiguration section */
		0AD5A8DA23D607AF00467AB9 /* Debug */ = {
			isa = XCBuildConfiguration;
			buildSettings = {
				ALWAYS_SEARCH_USER_PATHS = NO;
				CLANG_ANALYZER_NONNULL = YES;
				CLANG_ANALYZER_NUMBER_OBJECT_CONVERSION = YES_AGGRESSIVE;
				CLANG_CXX_LANGUAGE_STANDARD = "gnu++14";
				CLANG_CXX_LIBRARY = "libc++";
				CLANG_ENABLE_MODULES = YES;
				CLANG_ENABLE_OBJC_ARC = YES;
				CLANG_ENABLE_OBJC_WEAK = YES;
				CLANG_WARN_BLOCK_CAPTURE_AUTORELEASING = YES;
				CLANG_WARN_BOOL_CONVERSION = YES;
				CLANG_WARN_COMMA = YES;
				CLANG_WARN_CONSTANT_CONVERSION = YES;
				CLANG_WARN_DEPRECATED_OBJC_IMPLEMENTATIONS = YES;
				CLANG_WARN_DIRECT_OBJC_ISA_USAGE = YES_ERROR;
				CLANG_WARN_DOCUMENTATION_COMMENTS = YES;
				CLANG_WARN_EMPTY_BODY = YES;
				CLANG_WARN_ENUM_CONVERSION = YES;
				CLANG_WARN_INFINITE_RECURSION = YES;
				CLANG_WARN_INT_CONVERSION = YES;
				CLANG_WARN_NON_LITERAL_NULL_CONVERSION = YES;
				CLANG_WARN_OBJC_IMPLICIT_RETAIN_SELF = YES;
				CLANG_WARN_OBJC_LITERAL_CONVERSION = YES;
				CLANG_WARN_OBJC_ROOT_CLASS = YES_ERROR;
				CLANG_WARN_RANGE_LOOP_ANALYSIS = YES;
				CLANG_WARN_STRICT_PROTOTYPES = YES;
				CLANG_WARN_SUSPICIOUS_MOVE = YES;
				CLANG_WARN_UNGUARDED_AVAILABILITY = YES_AGGRESSIVE;
				CLANG_WARN_UNREACHABLE_CODE = YES;
				CLANG_WARN__DUPLICATE_METHOD_MATCH = YES;
				COPY_PHASE_STRIP = NO;
				DEBUG_INFORMATION_FORMAT = dwarf;
				ENABLE_STRICT_OBJC_MSGSEND = YES;
				ENABLE_TESTABILITY = YES;
				GCC_C_LANGUAGE_STANDARD = gnu11;
				GCC_DYNAMIC_NO_PIC = NO;
				GCC_NO_COMMON_BLOCKS = YES;
				GCC_OPTIMIZATION_LEVEL = 0;
				GCC_PREPROCESSOR_DEFINITIONS = (
					"DEBUG=1",
					"$(inherited)",
				);
				GCC_WARN_64_TO_32_BIT_CONVERSION = YES;
				GCC_WARN_ABOUT_RETURN_TYPE = YES_ERROR;
				GCC_WARN_UNDECLARED_SELECTOR = YES;
				GCC_WARN_UNINITIALIZED_AUTOS = YES_AGGRESSIVE;
				GCC_WARN_UNUSED_FUNCTION = YES;
				GCC_WARN_UNUSED_VARIABLE = YES;
				IPHONEOS_DEPLOYMENT_TARGET = 13.2;
				MTL_ENABLE_DEBUG_INFO = INCLUDE_SOURCE;
				MTL_FAST_MATH = YES;
				ONLY_ACTIVE_ARCH = YES;
				SDKROOT = iphoneos;
				SWIFT_ACTIVE_COMPILATION_CONDITIONS = DEBUG;
				SWIFT_OPTIMIZATION_LEVEL = "-Onone";
			};
			name = Debug;
		};
		0AD5A8DB23D607AF00467AB9 /* Release */ = {
			isa = XCBuildConfiguration;
			buildSettings = {
				ALWAYS_SEARCH_USER_PATHS = NO;
				CLANG_ANALYZER_NONNULL = YES;
				CLANG_ANALYZER_NUMBER_OBJECT_CONVERSION = YES_AGGRESSIVE;
				CLANG_CXX_LANGUAGE_STANDARD = "gnu++14";
				CLANG_CXX_LIBRARY = "libc++";
				CLANG_ENABLE_MODULES = YES;
				CLANG_ENABLE_OBJC_ARC = YES;
				CLANG_ENABLE_OBJC_WEAK = YES;
				CLANG_WARN_BLOCK_CAPTURE_AUTORELEASING = YES;
				CLANG_WARN_BOOL_CONVERSION = YES;
				CLANG_WARN_COMMA = YES;
				CLANG_WARN_CONSTANT_CONVERSION = YES;
				CLANG_WARN_DEPRECATED_OBJC_IMPLEMENTATIONS = YES;
				CLANG_WARN_DIRECT_OBJC_ISA_USAGE = YES_ERROR;
				CLANG_WARN_DOCUMENTATION_COMMENTS = YES;
				CLANG_WARN_EMPTY_BODY = YES;
				CLANG_WARN_ENUM_CONVERSION = YES;
				CLANG_WARN_INFINITE_RECURSION = YES;
				CLANG_WARN_INT_CONVERSION = YES;
				CLANG_WARN_NON_LITERAL_NULL_CONVERSION = YES;
				CLANG_WARN_OBJC_IMPLICIT_RETAIN_SELF = YES;
				CLANG_WARN_OBJC_LITERAL_CONVERSION = YES;
				CLANG_WARN_OBJC_ROOT_CLASS = YES_ERROR;
				CLANG_WARN_RANGE_LOOP_ANALYSIS = YES;
				CLANG_WARN_STRICT_PROTOTYPES = YES;
				CLANG_WARN_SUSPICIOUS_MOVE = YES;
				CLANG_WARN_UNGUARDED_AVAILABILITY = YES_AGGRESSIVE;
				CLANG_WARN_UNREACHABLE_CODE = YES;
				CLANG_WARN__DUPLICATE_METHOD_MATCH = YES;
				COPY_PHASE_STRIP = NO;
				DEBUG_INFORMATION_FORMAT = "dwarf-with-dsym";
				ENABLE_NS_ASSERTIONS = NO;
				ENABLE_STRICT_OBJC_MSGSEND = YES;
				GCC_C_LANGUAGE_STANDARD = gnu11;
				GCC_NO_COMMON_BLOCKS = YES;
				GCC_WARN_64_TO_32_BIT_CONVERSION = YES;
				GCC_WARN_ABOUT_RETURN_TYPE = YES_ERROR;
				GCC_WARN_UNDECLARED_SELECTOR = YES;
				GCC_WARN_UNINITIALIZED_AUTOS = YES_AGGRESSIVE;
				GCC_WARN_UNUSED_FUNCTION = YES;
				GCC_WARN_UNUSED_VARIABLE = YES;
				IPHONEOS_DEPLOYMENT_TARGET = 13.2;
				MTL_ENABLE_DEBUG_INFO = NO;
				MTL_FAST_MATH = YES;
				SDKROOT = iphoneos;
				SWIFT_COMPILATION_MODE = wholemodule;
				SWIFT_OPTIMIZATION_LEVEL = "-O";
				VALIDATE_PRODUCT = YES;
			};
			name = Release;
		};
		0AD5A8DD23D607AF00467AB9 /* Debug */ = {
			isa = XCBuildConfiguration;
			buildSettings = {
				ASSETCATALOG_COMPILER_COMPLICATION_NAME = Complication;
				CODE_SIGN_ENTITLEMENTS = "sleepwatches WatchKit Extension/sleepwatches WatchKit Extension.entitlements";
				CODE_SIGN_STYLE = Automatic;
				CURRENT_PROJECT_VERSION = 37;
				DEVELOPMENT_TEAM = 65VQ762N68;
				INFOPLIST_FILE = "sleepwatches WatchKit Extension/Info.plist";
				LD_RUNPATH_SEARCH_PATHS = (
					"$(inherited)",
					"@executable_path/Frameworks",
					"@executable_path/../../Frameworks",
				);
				PRODUCT_BUNDLE_IDENTIFIER = com.sleepwatches.watchkitapp.watchkitextension;
				PRODUCT_NAME = "${TARGET_NAME}";
				SDKROOT = watchos;
				SKIP_INSTALL = YES;
				SWIFT_VERSION = 5.0;
				TARGETED_DEVICE_FAMILY = 4;
				WATCHOS_DEPLOYMENT_TARGET = 6.1;
			};
			name = Debug;
		};
		0AD5A8DE23D607AF00467AB9 /* Release */ = {
			isa = XCBuildConfiguration;
			buildSettings = {
				ASSETCATALOG_COMPILER_COMPLICATION_NAME = Complication;
				CODE_SIGN_ENTITLEMENTS = "sleepwatches WatchKit Extension/sleepwatches WatchKit Extension.entitlements";
				CODE_SIGN_STYLE = Automatic;
				CURRENT_PROJECT_VERSION = 37;
				DEVELOPMENT_TEAM = 65VQ762N68;
				INFOPLIST_FILE = "sleepwatches WatchKit Extension/Info.plist";
				LD_RUNPATH_SEARCH_PATHS = (
					"$(inherited)",
					"@executable_path/Frameworks",
					"@executable_path/../../Frameworks",
				);
				PRODUCT_BUNDLE_IDENTIFIER = com.sleepwatches.watchkitapp.watchkitextension;
				PRODUCT_NAME = "${TARGET_NAME}";
				SDKROOT = watchos;
				SKIP_INSTALL = YES;
				SWIFT_VERSION = 5.0;
				TARGETED_DEVICE_FAMILY = 4;
				WATCHOS_DEPLOYMENT_TARGET = 6.1;
			};
			name = Release;
		};
		0AD5A8E123D607AF00467AB9 /* Debug */ = {
			isa = XCBuildConfiguration;
			buildSettings = {
				ALWAYS_EMBED_SWIFT_STANDARD_LIBRARIES = YES;
				ASSETCATALOG_COMPILER_APPICON_NAME = AppIcon;
				CODE_SIGN_ENTITLEMENTS = "sleepwatches WatchKit App/sleepwatches WatchKit App.entitlements";
				CODE_SIGN_STYLE = Automatic;
				CURRENT_PROJECT_VERSION = 37;
				DEVELOPMENT_TEAM = 65VQ762N68;
				IBSC_MODULE = sleepwatches_WatchKit_Extension;
				INFOPLIST_FILE = "sleepwatches WatchKit App/Info.plist";
				PRODUCT_BUNDLE_IDENTIFIER = com.sleepwatches.watchkitapp;
				PRODUCT_NAME = "$(TARGET_NAME)";
				SDKROOT = watchos;
				SKIP_INSTALL = YES;
				SWIFT_VERSION = 5.0;
				TARGETED_DEVICE_FAMILY = 4;
				WATCHOS_DEPLOYMENT_TARGET = 6.1;
			};
			name = Debug;
		};
		0AD5A8E223D607AF00467AB9 /* Release */ = {
			isa = XCBuildConfiguration;
			buildSettings = {
				ALWAYS_EMBED_SWIFT_STANDARD_LIBRARIES = YES;
				ASSETCATALOG_COMPILER_APPICON_NAME = AppIcon;
				CODE_SIGN_ENTITLEMENTS = "sleepwatches WatchKit App/sleepwatches WatchKit App.entitlements";
				CODE_SIGN_STYLE = Automatic;
				CURRENT_PROJECT_VERSION = 37;
				DEVELOPMENT_TEAM = 65VQ762N68;
				IBSC_MODULE = sleepwatches_WatchKit_Extension;
				INFOPLIST_FILE = "sleepwatches WatchKit App/Info.plist";
				PRODUCT_BUNDLE_IDENTIFIER = com.sleepwatches.watchkitapp;
				PRODUCT_NAME = "$(TARGET_NAME)";
				SDKROOT = watchos;
				SKIP_INSTALL = YES;
				SWIFT_VERSION = 5.0;
				TARGETED_DEVICE_FAMILY = 4;
				WATCHOS_DEPLOYMENT_TARGET = 6.1;
			};
			name = Release;
		};
		0AD5A8E523D607AF00467AB9 /* Debug */ = {
			isa = XCBuildConfiguration;
			buildSettings = {
				ASSETCATALOG_COMPILER_APPICON_NAME = AppIcon;
				CODE_SIGN_ENTITLEMENTS = sleepwatches/sleepwatches.entitlements;
				CODE_SIGN_STYLE = Automatic;
				CURRENT_PROJECT_VERSION = 37;
				DEVELOPMENT_TEAM = 65VQ762N68;
				INFOPLIST_FILE = sleepwatches/Info.plist;
				LD_RUNPATH_SEARCH_PATHS = (
					"$(inherited)",
					"@executable_path/Frameworks",
				);
				PRODUCT_BUNDLE_IDENTIFIER = com.sleepwatches;
				PRODUCT_NAME = "$(TARGET_NAME)";
				SWIFT_VERSION = 5.0;
				TARGETED_DEVICE_FAMILY = "1,2";
			};
			name = Debug;
		};
		0AD5A8E623D607AF00467AB9 /* Release */ = {
			isa = XCBuildConfiguration;
			buildSettings = {
				ASSETCATALOG_COMPILER_APPICON_NAME = AppIcon;
				CODE_SIGN_ENTITLEMENTS = sleepwatches/sleepwatches.entitlements;
				CODE_SIGN_STYLE = Automatic;
				CURRENT_PROJECT_VERSION = 37;
				DEVELOPMENT_TEAM = 65VQ762N68;
				INFOPLIST_FILE = sleepwatches/Info.plist;
				LD_RUNPATH_SEARCH_PATHS = (
					"$(inherited)",
					"@executable_path/Frameworks",
				);
				PRODUCT_BUNDLE_IDENTIFIER = com.sleepwatches;
				PRODUCT_NAME = "$(TARGET_NAME)";
				SWIFT_VERSION = 5.0;
				TARGETED_DEVICE_FAMILY = "1,2";
			};
			name = Release;
		};
/* End XCBuildConfiguration section */

/* Begin XCConfigurationList section */
		0AD5A8A623D607AD00467AB9 /* Build configuration list for PBXProject "sleepwatches" */ = {
			isa = XCConfigurationList;
			buildConfigurations = (
				0AD5A8DA23D607AF00467AB9 /* Debug */,
				0AD5A8DB23D607AF00467AB9 /* Release */,
			);
			defaultConfigurationIsVisible = 0;
			defaultConfigurationName = Release;
		};
		0AD5A8DC23D607AF00467AB9 /* Build configuration list for PBXNativeTarget "sleepwatches WatchKit Extension" */ = {
			isa = XCConfigurationList;
			buildConfigurations = (
				0AD5A8DD23D607AF00467AB9 /* Debug */,
				0AD5A8DE23D607AF00467AB9 /* Release */,
			);
			defaultConfigurationIsVisible = 0;
			defaultConfigurationName = Release;
		};
		0AD5A8E023D607AF00467AB9 /* Build configuration list for PBXNativeTarget "sleepwatches WatchKit App" */ = {
			isa = XCConfigurationList;
			buildConfigurations = (
				0AD5A8E123D607AF00467AB9 /* Debug */,
				0AD5A8E223D607AF00467AB9 /* Release */,
			);
			defaultConfigurationIsVisible = 0;
			defaultConfigurationName = Release;
		};
		0AD5A8E423D607AF00467AB9 /* Build configuration list for PBXNativeTarget "sleepwatches" */ = {
			isa = XCConfigurationList;
			buildConfigurations = (
				0AD5A8E523D607AF00467AB9 /* Debug */,
				0AD5A8E623D607AF00467AB9 /* Release */,
			);
			defaultConfigurationIsVisible = 0;
			defaultConfigurationName = Release;
		};
/* End XCConfigurationList section */
	};
	rootObject = 0AD5A8A323D607AD00467AB9 /* Project object */;
}
