// !$*UTF8*$!
{
	archiveVersion = 1;
	classes = {
	};
	objectVersion = 50;
	objects = {

/* Begin PBXBuildFile section */
		0A5031E5239C168800A1CD1C /* Date+Next.swift in Sources */ = {isa = PBXBuildFile; fileRef = 0A5031E4239C168800A1CD1C /* Date+Next.swift */; };
		0A5031EA239C16D200A1CD1C /* SleepRow.swift in Sources */ = {isa = PBXBuildFile; fileRef = 0A5031E6239C16D100A1CD1C /* SleepRow.swift */; };
		0A5031EB239C16D200A1CD1C /* SleepResultController.swift in Sources */ = {isa = PBXBuildFile; fileRef = 0A5031E7239C16D100A1CD1C /* SleepResultController.swift */; };
		0A5031EC239C16D200A1CD1C /* SleepResultController+Sleep.swift in Sources */ = {isa = PBXBuildFile; fileRef = 0A5031E8239C16D100A1CD1C /* SleepResultController+Sleep.swift */; };
		0A5031ED239C16D200A1CD1C /* SleepTrackController.swift in Sources */ = {isa = PBXBuildFile; fileRef = 0A5031E9239C16D100A1CD1C /* SleepTrackController.swift */; };
		0A852032239FBADD004593C3 /* Network.swift in Sources */ = {isa = PBXBuildFile; fileRef = 0A852031239FBADD004593C3 /* Network.swift */; };
		0A852035239FBB4B004593C3 /* NetworkError.swift in Sources */ = {isa = PBXBuildFile; fileRef = 0A852033239FBB4B004593C3 /* NetworkError.swift */; };
		0A852036239FBB4B004593C3 /* NetworkResponse.swift in Sources */ = {isa = PBXBuildFile; fileRef = 0A852034239FBB4B004593C3 /* NetworkResponse.swift */; };
		0A852038239FBB52004593C3 /* JsonError.swift in Sources */ = {isa = PBXBuildFile; fileRef = 0A852037239FBB52004593C3 /* JsonError.swift */; };
		0A85203C239FC9B5004593C3 /* UUIDGenerator.swift in Sources */ = {isa = PBXBuildFile; fileRef = 0A85203B239FC9B5004593C3 /* UUIDGenerator.swift */; };
		0A85203E239FD017004593C3 /* Constant.swift in Sources */ = {isa = PBXBuildFile; fileRef = 0A85203D239FD017004593C3 /* Constant.swift */; };
		0ADAEBE123900B38009D8629 /* sleepwatches WatchKit App.app in Embed Watch Content */ = {isa = PBXBuildFile; fileRef = 0ADAEBE023900B38009D8629 /* sleepwatches WatchKit App.app */; settings = {ATTRIBUTES = (RemoveHeadersOnCopy, ); }; };
		0ADAEBE723900B38009D8629 /* Interface.storyboard in Resources */ = {isa = PBXBuildFile; fileRef = 0ADAEBE523900B38009D8629 /* Interface.storyboard */; };
		0ADAEBE923900B39009D8629 /* Assets.xcassets in Resources */ = {isa = PBXBuildFile; fileRef = 0ADAEBE823900B39009D8629 /* Assets.xcassets */; };
		0ADAEBF023900B39009D8629 /* sleepwatches WatchKit Extension.appex in Embed App Extensions */ = {isa = PBXBuildFile; fileRef = 0ADAEBEF23900B39009D8629 /* sleepwatches WatchKit Extension.appex */; settings = {ATTRIBUTES = (RemoveHeadersOnCopy, ); }; };
		0ADAEBF523900B39009D8629 /* InterfaceController.swift in Sources */ = {isa = PBXBuildFile; fileRef = 0ADAEBF423900B39009D8629 /* InterfaceController.swift */; };
		0ADAEBF723900B39009D8629 /* ExtensionDelegate.swift in Sources */ = {isa = PBXBuildFile; fileRef = 0ADAEBF623900B39009D8629 /* ExtensionDelegate.swift */; };
		0ADAEBF923900B39009D8629 /* Assets.xcassets in Resources */ = {isa = PBXBuildFile; fileRef = 0ADAEBF823900B39009D8629 /* Assets.xcassets */; };
		0ADAEC0E23900BD4009D8629 /* AES.swift in Sources */ = {isa = PBXBuildFile; fileRef = 0ADAEC0823900BD4009D8629 /* AES.swift */; };
		0ADAEC0F23900BD4009D8629 /* InterfaceController+Location.swift in Sources */ = {isa = PBXBuildFile; fileRef = 0ADAEC0923900BD4009D8629 /* InterfaceController+Location.swift */; };
		0ADAEC1023900BD4009D8629 /* InterfaceController+Motion.swift in Sources */ = {isa = PBXBuildFile; fileRef = 0ADAEC0A23900BD4009D8629 /* InterfaceController+Motion.swift */; };
		0ADAEC1123900BD4009D8629 /* InterfaceController+Health.swift in Sources */ = {isa = PBXBuildFile; fileRef = 0ADAEC0B23900BD4009D8629 /* InterfaceController+Health.swift */; };
		0ADAEC1323900BD4009D8629 /* Double+Round.swift in Sources */ = {isa = PBXBuildFile; fileRef = 0ADAEC0D23900BD4009D8629 /* Double+Round.swift */; };
		0ADAEC1923900CE8009D8629 /* HealthKit.framework in Frameworks */ = {isa = PBXBuildFile; fileRef = 0ADAEC1823900CE8009D8629 /* HealthKit.framework */; };
/* End PBXBuildFile section */

/* Begin PBXContainerItemProxy section */
		0ADAEBE223900B38009D8629 /* PBXContainerItemProxy */ = {
			isa = PBXContainerItemProxy;
			containerPortal = 0ADAEBD623900B38009D8629 /* Project object */;
			proxyType = 1;
			remoteGlobalIDString = 0ADAEBDF23900B38009D8629;
			remoteInfo = "sleepwatches WatchKit App";
		};
		0ADAEBF123900B39009D8629 /* PBXContainerItemProxy */ = {
			isa = PBXContainerItemProxy;
			containerPortal = 0ADAEBD623900B38009D8629 /* Project object */;
			proxyType = 1;
			remoteGlobalIDString = 0ADAEBEE23900B39009D8629;
			remoteInfo = "sleepwatches WatchKit Extension";
		};
/* End PBXContainerItemProxy section */

/* Begin PBXCopyFilesBuildPhase section */
		0ADAEC0023900B3A009D8629 /* Embed App Extensions */ = {
			isa = PBXCopyFilesBuildPhase;
			buildActionMask = 2147483647;
			dstPath = "";
			dstSubfolderSpec = 13;
			files = (
				0ADAEBF023900B39009D8629 /* sleepwatches WatchKit Extension.appex in Embed App Extensions */,
			);
			name = "Embed App Extensions";
			runOnlyForDeploymentPostprocessing = 0;
		};
		0ADAEC0423900B3A009D8629 /* Embed Watch Content */ = {
			isa = PBXCopyFilesBuildPhase;
			buildActionMask = 2147483647;
			dstPath = "$(CONTENTS_FOLDER_PATH)/Watch";
			dstSubfolderSpec = 16;
			files = (
				0ADAEBE123900B38009D8629 /* sleepwatches WatchKit App.app in Embed Watch Content */,
			);
			name = "Embed Watch Content";
			runOnlyForDeploymentPostprocessing = 0;
		};
/* End PBXCopyFilesBuildPhase section */

/* Begin PBXFileReference section */
		0A5031E4239C168800A1CD1C /* Date+Next.swift */ = {isa = PBXFileReference; fileEncoding = 4; lastKnownFileType = sourcecode.swift; path = "Date+Next.swift"; sourceTree = "<group>"; };
		0A5031E6239C16D100A1CD1C /* SleepRow.swift */ = {isa = PBXFileReference; fileEncoding = 4; lastKnownFileType = sourcecode.swift; path = SleepRow.swift; sourceTree = "<group>"; };
		0A5031E7239C16D100A1CD1C /* SleepResultController.swift */ = {isa = PBXFileReference; fileEncoding = 4; lastKnownFileType = sourcecode.swift; path = SleepResultController.swift; sourceTree = "<group>"; };
		0A5031E8239C16D100A1CD1C /* SleepResultController+Sleep.swift */ = {isa = PBXFileReference; fileEncoding = 4; lastKnownFileType = sourcecode.swift; path = "SleepResultController+Sleep.swift"; sourceTree = "<group>"; };
		0A5031E9239C16D100A1CD1C /* SleepTrackController.swift */ = {isa = PBXFileReference; fileEncoding = 4; lastKnownFileType = sourcecode.swift; path = SleepTrackController.swift; sourceTree = "<group>"; };
		0A852031239FBADD004593C3 /* Network.swift */ = {isa = PBXFileReference; lastKnownFileType = sourcecode.swift; path = Network.swift; sourceTree = "<group>"; };
		0A852033239FBB4B004593C3 /* NetworkError.swift */ = {isa = PBXFileReference; fileEncoding = 4; lastKnownFileType = sourcecode.swift; path = NetworkError.swift; sourceTree = "<group>"; };
		0A852034239FBB4B004593C3 /* NetworkResponse.swift */ = {isa = PBXFileReference; fileEncoding = 4; lastKnownFileType = sourcecode.swift; path = NetworkResponse.swift; sourceTree = "<group>"; };
		0A852037239FBB52004593C3 /* JsonError.swift */ = {isa = PBXFileReference; fileEncoding = 4; lastKnownFileType = sourcecode.swift; path = JsonError.swift; sourceTree = "<group>"; };
		0A85203B239FC9B5004593C3 /* UUIDGenerator.swift */ = {isa = PBXFileReference; lastKnownFileType = sourcecode.swift; path = UUIDGenerator.swift; sourceTree = "<group>"; };
		0A85203D239FD017004593C3 /* Constant.swift */ = {isa = PBXFileReference; lastKnownFileType = sourcecode.swift; path = Constant.swift; sourceTree = "<group>"; };
		0ADAEBDC23900B38009D8629 /* sleepwatches.app */ = {isa = PBXFileReference; explicitFileType = wrapper.application; includeInIndex = 0; path = sleepwatches.app; sourceTree = BUILT_PRODUCTS_DIR; };
		0ADAEBE023900B38009D8629 /* sleepwatches WatchKit App.app */ = {isa = PBXFileReference; explicitFileType = wrapper.application; includeInIndex = 0; path = "sleepwatches WatchKit App.app"; sourceTree = BUILT_PRODUCTS_DIR; };
		0ADAEBE623900B38009D8629 /* Base */ = {isa = PBXFileReference; lastKnownFileType = file.storyboard; name = Base; path = Base.lproj/Interface.storyboard; sourceTree = "<group>"; };
		0ADAEBE823900B39009D8629 /* Assets.xcassets */ = {isa = PBXFileReference; lastKnownFileType = folder.assetcatalog; path = Assets.xcassets; sourceTree = "<group>"; };
		0ADAEBEA23900B39009D8629 /* Info.plist */ = {isa = PBXFileReference; lastKnownFileType = text.plist.xml; path = Info.plist; sourceTree = "<group>"; };
		0ADAEBEF23900B39009D8629 /* sleepwatches WatchKit Extension.appex */ = {isa = PBXFileReference; explicitFileType = "wrapper.app-extension"; includeInIndex = 0; path = "sleepwatches WatchKit Extension.appex"; sourceTree = BUILT_PRODUCTS_DIR; };
		0ADAEBF423900B39009D8629 /* InterfaceController.swift */ = {isa = PBXFileReference; lastKnownFileType = sourcecode.swift; path = InterfaceController.swift; sourceTree = "<group>"; };
		0ADAEBF623900B39009D8629 /* ExtensionDelegate.swift */ = {isa = PBXFileReference; lastKnownFileType = sourcecode.swift; path = ExtensionDelegate.swift; sourceTree = "<group>"; };
		0ADAEBF823900B39009D8629 /* Assets.xcassets */ = {isa = PBXFileReference; lastKnownFileType = folder.assetcatalog; path = Assets.xcassets; sourceTree = "<group>"; };
		0ADAEBFA23900B39009D8629 /* Info.plist */ = {isa = PBXFileReference; lastKnownFileType = text.plist.xml; path = Info.plist; sourceTree = "<group>"; };
		0ADAEC0823900BD4009D8629 /* AES.swift */ = {isa = PBXFileReference; fileEncoding = 4; lastKnownFileType = sourcecode.swift; path = AES.swift; sourceTree = "<group>"; };
		0ADAEC0923900BD4009D8629 /* InterfaceController+Location.swift */ = {isa = PBXFileReference; fileEncoding = 4; lastKnownFileType = sourcecode.swift; path = "InterfaceController+Location.swift"; sourceTree = "<group>"; };
		0ADAEC0A23900BD4009D8629 /* InterfaceController+Motion.swift */ = {isa = PBXFileReference; fileEncoding = 4; lastKnownFileType = sourcecode.swift; path = "InterfaceController+Motion.swift"; sourceTree = "<group>"; };
		0ADAEC0B23900BD4009D8629 /* InterfaceController+Health.swift */ = {isa = PBXFileReference; fileEncoding = 4; lastKnownFileType = sourcecode.swift; path = "InterfaceController+Health.swift"; sourceTree = "<group>"; };
		0ADAEC0D23900BD4009D8629 /* Double+Round.swift */ = {isa = PBXFileReference; fileEncoding = 4; lastKnownFileType = sourcecode.swift; path = "Double+Round.swift"; sourceTree = "<group>"; };
		0ADAEC1523900CBF009D8629 /* Info.plist */ = {isa = PBXFileReference; lastKnownFileType = text.plist.xml; path = Info.plist; sourceTree = "<group>"; };
		0ADAEC1623900CE8009D8629 /* sleepwatches WatchKit Extension.entitlements */ = {isa = PBXFileReference; lastKnownFileType = text.plist.entitlements; path = "sleepwatches WatchKit Extension.entitlements"; sourceTree = "<group>"; };
		0ADAEC1823900CE8009D8629 /* HealthKit.framework */ = {isa = PBXFileReference; lastKnownFileType = wrapper.framework; name = HealthKit.framework; path = Platforms/WatchOS.platform/Developer/SDKs/WatchOS6.1.sdk/System/Library/Frameworks/HealthKit.framework; sourceTree = DEVELOPER_DIR; };
/* End PBXFileReference section */

/* Begin PBXFrameworksBuildPhase section */
		0ADAEBEC23900B39009D8629 /* Frameworks */ = {
			isa = PBXFrameworksBuildPhase;
			buildActionMask = 2147483647;
			files = (
				0ADAEC1923900CE8009D8629 /* HealthKit.framework in Frameworks */,
			);
			runOnlyForDeploymentPostprocessing = 0;
		};
/* End PBXFrameworksBuildPhase section */

/* Begin PBXGroup section */
		0A5031E3239C167000A1CD1C /* util */ = {
			isa = PBXGroup;
			children = (
				0ADAEC0823900BD4009D8629 /* AES.swift */,
				0ADAEC0D23900BD4009D8629 /* Double+Round.swift */,
				0A5031E4239C168800A1CD1C /* Date+Next.swift */,
				0A852031239FBADD004593C3 /* Network.swift */,
				0A852033239FBB4B004593C3 /* NetworkError.swift */,
				0A852034239FBB4B004593C3 /* NetworkResponse.swift */,
				0A852037239FBB52004593C3 /* JsonError.swift */,
				0A85203B239FC9B5004593C3 /* UUIDGenerator.swift */,
				0A85203D239FD017004593C3 /* Constant.swift */,
			);
			path = util;
			sourceTree = "<group>";
		};
		0ADAEBD523900B38009D8629 = {
			isa = PBXGroup;
			children = (
				0ADAEC1523900CBF009D8629 /* Info.plist */,
				0ADAEBE423900B38009D8629 /* sleepwatches WatchKit App */,
				0ADAEBF323900B39009D8629 /* sleepwatches WatchKit Extension */,
				0ADAEBDD23900B38009D8629 /* Products */,
				0ADAEC1723900CE8009D8629 /* Frameworks */,
			);
			sourceTree = "<group>";
		};
		0ADAEBDD23900B38009D8629 /* Products */ = {
			isa = PBXGroup;
			children = (
				0ADAEBDC23900B38009D8629 /* sleepwatches.app */,
				0ADAEBE023900B38009D8629 /* sleepwatches WatchKit App.app */,
				0ADAEBEF23900B39009D8629 /* sleepwatches WatchKit Extension.appex */,
			);
			name = Products;
			sourceTree = "<group>";
		};
		0ADAEBE423900B38009D8629 /* sleepwatches WatchKit App */ = {
			isa = PBXGroup;
			children = (
				0ADAEBE523900B38009D8629 /* Interface.storyboard */,
				0ADAEBE823900B39009D8629 /* Assets.xcassets */,
				0ADAEBEA23900B39009D8629 /* Info.plist */,
			);
			path = "sleepwatches WatchKit App";
			sourceTree = "<group>";
		};
		0ADAEBF323900B39009D8629 /* sleepwatches WatchKit Extension */ = {
			isa = PBXGroup;
			children = (
				0ADAEC1623900CE8009D8629 /* sleepwatches WatchKit Extension.entitlements */,
				0A5031E3239C167000A1CD1C /* util */,
				0ADAEBF623900B39009D8629 /* ExtensionDelegate.swift */,
				0ADAEBF423900B39009D8629 /* InterfaceController.swift */,
				0ADAEC0B23900BD4009D8629 /* InterfaceController+Health.swift */,
				0ADAEC0923900BD4009D8629 /* InterfaceController+Location.swift */,
				0ADAEC0A23900BD4009D8629 /* InterfaceController+Motion.swift */,
				0A5031E7239C16D100A1CD1C /* SleepResultController.swift */,
				0A5031E8239C16D100A1CD1C /* SleepResultController+Sleep.swift */,
				0A5031E6239C16D100A1CD1C /* SleepRow.swift */,
				0A5031E9239C16D100A1CD1C /* SleepTrackController.swift */,
				0ADAEBF823900B39009D8629 /* Assets.xcassets */,
				0ADAEBFA23900B39009D8629 /* Info.plist */,
			);
			path = "sleepwatches WatchKit Extension";
			sourceTree = "<group>";
		};
		0ADAEC1723900CE8009D8629 /* Frameworks */ = {
			isa = PBXGroup;
			children = (
				0ADAEC1823900CE8009D8629 /* HealthKit.framework */,
			);
			name = Frameworks;
			sourceTree = "<group>";
		};
/* End PBXGroup section */

/* Begin PBXNativeTarget section */
		0ADAEBDB23900B38009D8629 /* sleepwatches */ = {
			isa = PBXNativeTarget;
			buildConfigurationList = 0ADAEC0523900B3A009D8629 /* Build configuration list for PBXNativeTarget "sleepwatches" */;
			buildPhases = (
				0ADAEBDA23900B38009D8629 /* Resources */,
				0ADAEC0423900B3A009D8629 /* Embed Watch Content */,
			);
			buildRules = (
			);
			dependencies = (
				0ADAEBE323900B38009D8629 /* PBXTargetDependency */,
			);
			name = sleepwatches;
			productName = sleepwatches;
			productReference = 0ADAEBDC23900B38009D8629 /* sleepwatches.app */;
			productType = "com.apple.product-type.application.watchapp2-container";
		};
		0ADAEBDF23900B38009D8629 /* sleepwatches WatchKit App */ = {
			isa = PBXNativeTarget;
			buildConfigurationList = 0ADAEC0123900B3A009D8629 /* Build configuration list for PBXNativeTarget "sleepwatches WatchKit App" */;
			buildPhases = (
				0ADAEBDE23900B38009D8629 /* Resources */,
				0ADAEC0023900B3A009D8629 /* Embed App Extensions */,
			);
			buildRules = (
			);
			dependencies = (
				0ADAEBF223900B39009D8629 /* PBXTargetDependency */,
			);
			name = "sleepwatches WatchKit App";
			productName = "sleepwatches WatchKit App";
			productReference = 0ADAEBE023900B38009D8629 /* sleepwatches WatchKit App.app */;
			productType = "com.apple.product-type.application.watchapp2";
		};
		0ADAEBEE23900B39009D8629 /* sleepwatches WatchKit Extension */ = {
			isa = PBXNativeTarget;
			buildConfigurationList = 0ADAEBFD23900B3A009D8629 /* Build configuration list for PBXNativeTarget "sleepwatches WatchKit Extension" */;
			buildPhases = (
				0ADAEBEB23900B39009D8629 /* Sources */,
				0ADAEBEC23900B39009D8629 /* Frameworks */,
				0ADAEBED23900B39009D8629 /* Resources */,
			);
			buildRules = (
			);
			dependencies = (
			);
			name = "sleepwatches WatchKit Extension";
			productName = "sleepwatches WatchKit Extension";
			productReference = 0ADAEBEF23900B39009D8629 /* sleepwatches WatchKit Extension.appex */;
			productType = "com.apple.product-type.watchkit2-extension";
		};
/* End PBXNativeTarget section */

/* Begin PBXProject section */
		0ADAEBD623900B38009D8629 /* Project object */ = {
			isa = PBXProject;
			attributes = {
				LastSwiftUpdateCheck = 1120;
				LastUpgradeCheck = 1120;
				TargetAttributes = {
					0ADAEBDB23900B38009D8629 = {
						CreatedOnToolsVersion = 11.2.1;
					};
					0ADAEBDF23900B38009D8629 = {
						CreatedOnToolsVersion = 11.2.1;
					};
					0ADAEBEE23900B39009D8629 = {
						CreatedOnToolsVersion = 11.2.1;
					};
				};
			};
			buildConfigurationList = 0ADAEBD923900B38009D8629 /* Build configuration list for PBXProject "sleepwatches" */;
			compatibilityVersion = "Xcode 9.3";
			developmentRegion = en;
			hasScannedForEncodings = 0;
			knownRegions = (
				en,
				Base,
			);
			mainGroup = 0ADAEBD523900B38009D8629;
			productRefGroup = 0ADAEBDD23900B38009D8629 /* Products */;
			projectDirPath = "";
			projectRoot = "";
			targets = (
				0ADAEBDB23900B38009D8629 /* sleepwatches */,
				0ADAEBDF23900B38009D8629 /* sleepwatches WatchKit App */,
				0ADAEBEE23900B39009D8629 /* sleepwatches WatchKit Extension */,
			);
		};
/* End PBXProject section */

/* Begin PBXResourcesBuildPhase section */
		0ADAEBDA23900B38009D8629 /* Resources */ = {
			isa = PBXResourcesBuildPhase;
			buildActionMask = 2147483647;
			files = (
			);
			runOnlyForDeploymentPostprocessing = 0;
		};
		0ADAEBDE23900B38009D8629 /* Resources */ = {
			isa = PBXResourcesBuildPhase;
			buildActionMask = 2147483647;
			files = (
				0ADAEBE923900B39009D8629 /* Assets.xcassets in Resources */,
				0ADAEBE723900B38009D8629 /* Interface.storyboard in Resources */,
			);
			runOnlyForDeploymentPostprocessing = 0;
		};
		0ADAEBED23900B39009D8629 /* Resources */ = {
			isa = PBXResourcesBuildPhase;
			buildActionMask = 2147483647;
			files = (
				0ADAEBF923900B39009D8629 /* Assets.xcassets in Resources */,
			);
			runOnlyForDeploymentPostprocessing = 0;
		};
/* End PBXResourcesBuildPhase section */

/* Begin PBXSourcesBuildPhase section */
		0ADAEBEB23900B39009D8629 /* Sources */ = {
			isa = PBXSourcesBuildPhase;
			buildActionMask = 2147483647;
			files = (
				0A852032239FBADD004593C3 /* Network.swift in Sources */,
				0A852035239FBB4B004593C3 /* NetworkError.swift in Sources */,
				0ADAEC1023900BD4009D8629 /* InterfaceController+Motion.swift in Sources */,
				0ADAEBF723900B39009D8629 /* ExtensionDelegate.swift in Sources */,
				0ADAEC1323900BD4009D8629 /* Double+Round.swift in Sources */,
				0A5031EC239C16D200A1CD1C /* SleepResultController+Sleep.swift in Sources */,
				0ADAEC0E23900BD4009D8629 /* AES.swift in Sources */,
				0ADAEC0F23900BD4009D8629 /* InterfaceController+Location.swift in Sources */,
				0ADAEC1123900BD4009D8629 /* InterfaceController+Health.swift in Sources */,
				0A5031E5239C168800A1CD1C /* Date+Next.swift in Sources */,
				0A5031EA239C16D200A1CD1C /* SleepRow.swift in Sources */,
				0A85203E239FD017004593C3 /* Constant.swift in Sources */,
				0A852036239FBB4B004593C3 /* NetworkResponse.swift in Sources */,
				0A5031ED239C16D200A1CD1C /* SleepTrackController.swift in Sources */,
				0A85203C239FC9B5004593C3 /* UUIDGenerator.swift in Sources */,
				0A5031EB239C16D200A1CD1C /* SleepResultController.swift in Sources */,
				0A852038239FBB52004593C3 /* JsonError.swift in Sources */,
				0ADAEBF523900B39009D8629 /* InterfaceController.swift in Sources */,
			);
			runOnlyForDeploymentPostprocessing = 0;
		};
/* End PBXSourcesBuildPhase section */

/* Begin PBXTargetDependency section */
		0ADAEBE323900B38009D8629 /* PBXTargetDependency */ = {
			isa = PBXTargetDependency;
			target = 0ADAEBDF23900B38009D8629 /* sleepwatches WatchKit App */;
			targetProxy = 0ADAEBE223900B38009D8629 /* PBXContainerItemProxy */;
		};
		0ADAEBF223900B39009D8629 /* PBXTargetDependency */ = {
			isa = PBXTargetDependency;
			target = 0ADAEBEE23900B39009D8629 /* sleepwatches WatchKit Extension */;
			targetProxy = 0ADAEBF123900B39009D8629 /* PBXContainerItemProxy */;
		};
/* End PBXTargetDependency section */

/* Begin PBXVariantGroup section */
		0ADAEBE523900B38009D8629 /* Interface.storyboard */ = {
			isa = PBXVariantGroup;
			children = (
				0ADAEBE623900B38009D8629 /* Base */,
			);
			name = Interface.storyboard;
			sourceTree = "<group>";
		};
/* End PBXVariantGroup section */

/* Begin XCBuildConfiguration section */
		0ADAEBFB23900B3A009D8629 /* Debug */ = {
			isa = XCBuildConfiguration;
			buildSettings = {
				ALWAYS_SEARCH_USER_PATHS = NO;
				CLANG_ANALYZER_NONNULL = YES;
				CLANG_ANALYZER_NUMBER_OBJECT_CONVERSION = YES_AGGRESSIVE;
				CLANG_CXX_LANGUAGE_STANDARD = "gnu++14";
				CLANG_CXX_LIBRARY = "libc++";
				CLANG_ENABLE_MODULES = YES;
				CLANG_ENABLE_OBJC_ARC = YES;
				CLANG_ENABLE_OBJC_WEAK = YES;
				CLANG_WARN_BLOCK_CAPTURE_AUTORELEASING = YES;
				CLANG_WARN_BOOL_CONVERSION = YES;
				CLANG_WARN_COMMA = YES;
				CLANG_WARN_CONSTANT_CONVERSION = YES;
				CLANG_WARN_DEPRECATED_OBJC_IMPLEMENTATIONS = YES;
				CLANG_WARN_DIRECT_OBJC_ISA_USAGE = YES_ERROR;
				CLANG_WARN_DOCUMENTATION_COMMENTS = YES;
				CLANG_WARN_EMPTY_BODY = YES;
				CLANG_WARN_ENUM_CONVERSION = YES;
				CLANG_WARN_INFINITE_RECURSION = YES;
				CLANG_WARN_INT_CONVERSION = YES;
				CLANG_WARN_NON_LITERAL_NULL_CONVERSION = YES;
				CLANG_WARN_OBJC_IMPLICIT_RETAIN_SELF = YES;
				CLANG_WARN_OBJC_LITERAL_CONVERSION = YES;
				CLANG_WARN_OBJC_ROOT_CLASS = YES_ERROR;
				CLANG_WARN_RANGE_LOOP_ANALYSIS = YES;
				CLANG_WARN_STRICT_PROTOTYPES = YES;
				CLANG_WARN_SUSPICIOUS_MOVE = YES;
				CLANG_WARN_UNGUARDED_AVAILABILITY = YES_AGGRESSIVE;
				CLANG_WARN_UNREACHABLE_CODE = YES;
				CLANG_WARN__DUPLICATE_METHOD_MATCH = YES;
				COPY_PHASE_STRIP = NO;
				DEBUG_INFORMATION_FORMAT = dwarf;
				ENABLE_STRICT_OBJC_MSGSEND = YES;
				ENABLE_TESTABILITY = YES;
				GCC_C_LANGUAGE_STANDARD = gnu11;
				GCC_DYNAMIC_NO_PIC = NO;
				GCC_NO_COMMON_BLOCKS = YES;
				GCC_OPTIMIZATION_LEVEL = 0;
				GCC_PREPROCESSOR_DEFINITIONS = (
					"DEBUG=1",
					"$(inherited)",
				);
				GCC_WARN_64_TO_32_BIT_CONVERSION = YES;
				GCC_WARN_ABOUT_RETURN_TYPE = YES_ERROR;
				GCC_WARN_UNDECLARED_SELECTOR = YES;
				GCC_WARN_UNINITIALIZED_AUTOS = YES_AGGRESSIVE;
				GCC_WARN_UNUSED_FUNCTION = YES;
				GCC_WARN_UNUSED_VARIABLE = YES;
				MTL_ENABLE_DEBUG_INFO = INCLUDE_SOURCE;
				MTL_FAST_MATH = YES;
				ONLY_ACTIVE_ARCH = YES;
				SDKROOT = iphoneos;
				SWIFT_ACTIVE_COMPILATION_CONDITIONS = DEBUG;
				SWIFT_OPTIMIZATION_LEVEL = "-Onone";
			};
			name = Debug;
		};
		0ADAEBFC23900B3A009D8629 /* Release */ = {
			isa = XCBuildConfiguration;
			buildSettings = {
				ALWAYS_SEARCH_USER_PATHS = NO;
				CLANG_ANALYZER_NONNULL = YES;
				CLANG_ANALYZER_NUMBER_OBJECT_CONVERSION = YES_AGGRESSIVE;
				CLANG_CXX_LANGUAGE_STANDARD = "gnu++14";
				CLANG_CXX_LIBRARY = "libc++";
				CLANG_ENABLE_MODULES = YES;
				CLANG_ENABLE_OBJC_ARC = YES;
				CLANG_ENABLE_OBJC_WEAK = YES;
				CLANG_WARN_BLOCK_CAPTURE_AUTORELEASING = YES;
				CLANG_WARN_BOOL_CONVERSION = YES;
				CLANG_WARN_COMMA = YES;
				CLANG_WARN_CONSTANT_CONVERSION = YES;
				CLANG_WARN_DEPRECATED_OBJC_IMPLEMENTATIONS = YES;
				CLANG_WARN_DIRECT_OBJC_ISA_USAGE = YES_ERROR;
				CLANG_WARN_DOCUMENTATION_COMMENTS = YES;
				CLANG_WARN_EMPTY_BODY = YES;
				CLANG_WARN_ENUM_CONVERSION = YES;
				CLANG_WARN_INFINITE_RECURSION = YES;
				CLANG_WARN_INT_CONVERSION = YES;
				CLANG_WARN_NON_LITERAL_NULL_CONVERSION = YES;
				CLANG_WARN_OBJC_IMPLICIT_RETAIN_SELF = YES;
				CLANG_WARN_OBJC_LITERAL_CONVERSION = YES;
				CLANG_WARN_OBJC_ROOT_CLASS = YES_ERROR;
				CLANG_WARN_RANGE_LOOP_ANALYSIS = YES;
				CLANG_WARN_STRICT_PROTOTYPES = YES;
				CLANG_WARN_SUSPICIOUS_MOVE = YES;
				CLANG_WARN_UNGUARDED_AVAILABILITY = YES_AGGRESSIVE;
				CLANG_WARN_UNREACHABLE_CODE = YES;
				CLANG_WARN__DUPLICATE_METHOD_MATCH = YES;
				COPY_PHASE_STRIP = NO;
				DEBUG_INFORMATION_FORMAT = "dwarf-with-dsym";
				ENABLE_NS_ASSERTIONS = NO;
				ENABLE_STRICT_OBJC_MSGSEND = YES;
				GCC_C_LANGUAGE_STANDARD = gnu11;
				GCC_NO_COMMON_BLOCKS = YES;
				GCC_WARN_64_TO_32_BIT_CONVERSION = YES;
				GCC_WARN_ABOUT_RETURN_TYPE = YES_ERROR;
				GCC_WARN_UNDECLARED_SELECTOR = YES;
				GCC_WARN_UNINITIALIZED_AUTOS = YES_AGGRESSIVE;
				GCC_WARN_UNUSED_FUNCTION = YES;
				GCC_WARN_UNUSED_VARIABLE = YES;
				MTL_ENABLE_DEBUG_INFO = NO;
				MTL_FAST_MATH = YES;
				SDKROOT = iphoneos;
				SWIFT_COMPILATION_MODE = wholemodule;
				SWIFT_OPTIMIZATION_LEVEL = "-O";
				VALIDATE_PRODUCT = YES;
			};
			name = Release;
		};
		0ADAEBFE23900B3A009D8629 /* Debug */ = {
			isa = XCBuildConfiguration;
			buildSettings = {
				ASSETCATALOG_COMPILER_COMPLICATION_NAME = Complication;
				CODE_SIGN_ENTITLEMENTS = "sleepwatches WatchKit Extension/sleepwatches WatchKit Extension.entitlements";
				CODE_SIGN_STYLE = Automatic;
				CURRENT_PROJECT_VERSION = 11;
				DEVELOPMENT_TEAM = 65VQ762N68;
				INFOPLIST_FILE = "sleepwatches WatchKit Extension/Info.plist";
				LD_RUNPATH_SEARCH_PATHS = (
					"$(inherited)",
					"@executable_path/Frameworks",
					"@executable_path/../../Frameworks",
				);
				PRODUCT_BUNDLE_IDENTIFIER = com.sleepwatches.watchkitapp.watchkitextension;
				PRODUCT_NAME = "${TARGET_NAME}";
				SDKROOT = watchos;
				SKIP_INSTALL = YES;
				SWIFT_VERSION = 5.0;
				TARGETED_DEVICE_FAMILY = 4;
				WATCHOS_DEPLOYMENT_TARGET = 6.1;
			};
			name = Debug;
		};
		0ADAEBFF23900B3A009D8629 /* Release */ = {
			isa = XCBuildConfiguration;
			buildSettings = {
				ASSETCATALOG_COMPILER_COMPLICATION_NAME = Complication;
				CODE_SIGN_ENTITLEMENTS = "sleepwatches WatchKit Extension/sleepwatches WatchKit Extension.entitlements";
				CODE_SIGN_STYLE = Automatic;
				CURRENT_PROJECT_VERSION = 11;
				DEVELOPMENT_TEAM = 65VQ762N68;
				INFOPLIST_FILE = "sleepwatches WatchKit Extension/Info.plist";
				LD_RUNPATH_SEARCH_PATHS = (
					"$(inherited)",
					"@executable_path/Frameworks",
					"@executable_path/../../Frameworks",
				);
				PRODUCT_BUNDLE_IDENTIFIER = com.sleepwatches.watchkitapp.watchkitextension;
				PRODUCT_NAME = "${TARGET_NAME}";
				SDKROOT = watchos;
				SKIP_INSTALL = YES;
				SWIFT_VERSION = 5.0;
				TARGETED_DEVICE_FAMILY = 4;
				WATCHOS_DEPLOYMENT_TARGET = 6.1;
			};
			name = Release;
		};
		0ADAEC0223900B3A009D8629 /* Debug */ = {
			isa = XCBuildConfiguration;
			buildSettings = {
				ALWAYS_EMBED_SWIFT_STANDARD_LIBRARIES = YES;
				ASSETCATALOG_COMPILER_APPICON_NAME = AppIcon;
				CODE_SIGN_STYLE = Automatic;
				CURRENT_PROJECT_VERSION = 11;
				DEVELOPMENT_TEAM = 65VQ762N68;
				IBSC_MODULE = sleepwatches_WatchKit_Extension;
				INFOPLIST_FILE = "sleepwatches WatchKit App/Info.plist";
				PRODUCT_BUNDLE_IDENTIFIER = com.sleepwatches.watchkitapp;
				PRODUCT_NAME = "$(TARGET_NAME)";
				SDKROOT = watchos;
				SKIP_INSTALL = YES;
				SWIFT_VERSION = 5.0;
				TARGETED_DEVICE_FAMILY = 4;
				WATCHOS_DEPLOYMENT_TARGET = 6.1;
			};
			name = Debug;
		};
		0ADAEC0323900B3A009D8629 /* Release */ = {
			isa = XCBuildConfiguration;
			buildSettings = {
				ALWAYS_EMBED_SWIFT_STANDARD_LIBRARIES = YES;
				ASSETCATALOG_COMPILER_APPICON_NAME = AppIcon;
				CODE_SIGN_STYLE = Automatic;
				CURRENT_PROJECT_VERSION = 11;
				DEVELOPMENT_TEAM = 65VQ762N68;
				IBSC_MODULE = sleepwatches_WatchKit_Extension;
				INFOPLIST_FILE = "sleepwatches WatchKit App/Info.plist";
				PRODUCT_BUNDLE_IDENTIFIER = com.sleepwatches.watchkitapp;
				PRODUCT_NAME = "$(TARGET_NAME)";
				SDKROOT = watchos;
				SKIP_INSTALL = YES;
				SWIFT_VERSION = 5.0;
				TARGETED_DEVICE_FAMILY = 4;
				WATCHOS_DEPLOYMENT_TARGET = 6.1;
			};
			name = Release;
		};
		0ADAEC0623900B3A009D8629 /* Debug */ = {
			isa = XCBuildConfiguration;
			buildSettings = {
				CODE_SIGN_STYLE = Automatic;
				CURRENT_PROJECT_VERSION = 11;
				DEVELOPMENT_TEAM = 65VQ762N68;
				INFOPLIST_FILE = Info.plist;
				MARKETING_VERSION = 1.0;
				PRODUCT_BUNDLE_IDENTIFIER = com.sleepwatches;
				PRODUCT_NAME = "$(TARGET_NAME)";
				SWIFT_VERSION = 5.0;
			};
			name = Debug;
		};
		0ADAEC0723900B3A009D8629 /* Release */ = {
			isa = XCBuildConfiguration;
			buildSettings = {
				CODE_SIGN_STYLE = Automatic;
				CURRENT_PROJECT_VERSION = 11;
				DEVELOPMENT_TEAM = 65VQ762N68;
				INFOPLIST_FILE = Info.plist;
				MARKETING_VERSION = 1.0;
				PRODUCT_BUNDLE_IDENTIFIER = com.sleepwatches;
				PRODUCT_NAME = "$(TARGET_NAME)";
				SWIFT_VERSION = 5.0;
			};
			name = Release;
		};
/* End XCBuildConfiguration section */

/* Begin XCConfigurationList section */
		0ADAEBD923900B38009D8629 /* Build configuration list for PBXProject "sleepwatches" */ = {
			isa = XCConfigurationList;
			buildConfigurations = (
				0ADAEBFB23900B3A009D8629 /* Debug */,
				0ADAEBFC23900B3A009D8629 /* Release */,
			);
			defaultConfigurationIsVisible = 0;
			defaultConfigurationName = Release;
		};
		0ADAEBFD23900B3A009D8629 /* Build configuration list for PBXNativeTarget "sleepwatches WatchKit Extension" */ = {
			isa = XCConfigurationList;
			buildConfigurations = (
				0ADAEBFE23900B3A009D8629 /* Debug */,
				0ADAEBFF23900B3A009D8629 /* Release */,
			);
			defaultConfigurationIsVisible = 0;
			defaultConfigurationName = Release;
		};
		0ADAEC0123900B3A009D8629 /* Build configuration list for PBXNativeTarget "sleepwatches WatchKit App" */ = {
			isa = XCConfigurationList;
			buildConfigurations = (
				0ADAEC0223900B3A009D8629 /* Debug */,
				0ADAEC0323900B3A009D8629 /* Release */,
			);
			defaultConfigurationIsVisible = 0;
			defaultConfigurationName = Release;
		};
		0ADAEC0523900B3A009D8629 /* Build configuration list for PBXNativeTarget "sleepwatches" */ = {
			isa = XCConfigurationList;
			buildConfigurations = (
				0ADAEC0623900B3A009D8629 /* Debug */,
				0ADAEC0723900B3A009D8629 /* Release */,
			);
			defaultConfigurationIsVisible = 0;
			defaultConfigurationName = Release;
		};
/* End XCConfigurationList section */
	};
	rootObject = 0ADAEBD623900B38009D8629 /* Project object */;
}
